# This file is automatically @generated by Cargo.
# It is not intended for manual editing.
version = 4

[[package]]
name = "neyrang"
version = "0.3.0-dev"
dependencies = [
 "nnue-rs",
]

[[package]]
name = "neyrang-nnue-data"
version = "0.2.0"
dependencies = [
 "neyrang",
]

[[package]]
name = "nnue-rs"
version = "0.4.0"
source = "registry+https://github.com/rust-lang/crates.io-index"
checksum = "f484047679d5f4ad45412bffb6e4e9ee8d8943fdaae65107ad9b9fa6ba32d916"
